Microsoft Visual Studio Solution File, Format Version 12.00
# Visual Studio 15
VisualStudioVersion = 15.0.27703.1
MinimumVisualStudioVersion = 10.0.40219.1
Project("{FAE04EC0-301F-11D3-BF4B-00C04F79EFBC}") = "con", "\\con", "{178B5B80-9181-46A6-A82E-242B6461C938}"
EndProject
Project("{9A19103F-16F7-4668-BE54-9A1E7A4F7556}") = "nw", "nw\nw.csproj", "{A163CAAF-5131-4BC7-8908-B1B87A3C0AFB}"
EndProject
Project("{FAE04EC0-301F-11D3-BF4B-00C04F79EFBC}") = "smarthome", "smarthome\smarthome.csproj", "{EDE448C7-1F07-4DBE-AD52-7214D815089C}"
EndProject
Project("{FAE04EC0-301F-11D3-BF4B-00C04F79EFBC}") = "smarthome.iOS", "iOS\smarthome.iOS.csproj", "{37734A45-3387-4D90-B963-709919E0E8AB}"
EndProject
Project("{FAE04EC0-301F-11D3-BF4B-00C04F79EFBC}") = "smarthome.Droid", "Droid\smarthome.Droid.csproj", "{BA18BEEC-5D37-4FE2-AE99-311E1068D8AD}"
EndProject
Project("{FAE04EC0-301F-11D3-BF4B-00C04F79EFBC}") = "WindowsFormsApp1", "WindowsFormsApp1\WindowsFormsApp1.csproj", "{39B6AF3E-BFCF-42AF-A0CD-7A5EB5A3DB31}"
EndProject
Project("{FAE04EC0-301F-11D3-BF4B-00C04F79EFBC}") = "WindowsFormsApp2", "WindowsFormsApp2\WindowsFormsApp2.csproj", "{4D1695E1-5757-4568-A89E-5C3A15B7EEA1}"
EndProject
Global
	GlobalSection(SolutionConfigurationPlatforms) = preSolution
		Debug|Any CPU = Debug|Any CPU
		Debug|iPhone = Debug|iPhone
		Debug|iPhoneSimulator = Debug|iPhoneSimulator
		Release|Any CPU = Release|Any CPU
		Release|iPhone = Release|iPhone
		Release|iPhoneSimulator = Release|iPhoneSimulator
	EndGlobalSection
	GlobalSection(ProjectConfigurationPlatforms) = postSolution
		{178B5B80-9181-46A6-A82E-242B6461C938}.Debug|Any CPU.ActiveCfg = Debug|Any CPU
		{178B5B80-9181-46A6-A82E-242B6461C938}.Debug|Any CPU.Build.0 = Debug|Any CPU
		{178B5B80-9181-46A6-A82E-242B6461C938}.Debug|iPhone.ActiveCfg = Debug|Any CPU
		{178B5B80-9181-46A6-A82E-242B6461C938}.Debug|iPhone.Build.0 = Debug|Any CPU
		{178B5B80-9181-46A6-A82E-242B6461C938}.Debug|iPhoneSimulator.ActiveCfg = Debug|Any CPU
		{178B5B80-9181-46A6-A82E-242B6461C938}.Debug|iPhoneSimulator.Build.0 = Debug|Any CPU
		{178B5B80-9181-46A6-A82E-242B6461C938}.Release|Any CPU.ActiveCfg = Release|Any CPU
		{178B5B80-9181-46A6-A82E-242B6461C938}.Release|Any CPU.Build.0 = Release|Any CPU
		{178B5B80-9181-46A6-A82E-242B6461C938}.Release|iPhone.ActiveCfg = Release|Any CPU
		{178B5B80-9181-46A6-A82E-242B6461C938}.Release|iPhone.Build.0 = Release|Any CPU
		{178B5B80-9181-46A6-A82E-242B6461C938}.Release|iPhoneSimulator.ActiveCfg = Release|Any CPU
		{178B5B80-9181-46A6-A82E-242B6461C938}.Release|iPhoneSimulator.Build.0 = Release|Any CPU
		{A163CAAF-5131-4BC7-8908-B1B87A3C0AFB}.Debug|Any CPU.ActiveCfg = Debug|Any CPU
		{A163CAAF-5131-4BC7-8908-B1B87A3C0AFB}.Debug|Any CPU.Build.0 = Debug|Any CPU
		{A163CAAF-5131-4BC7-8908-B1B87A3C0AFB}.Debug|iPhone.ActiveCfg = Debug|Any CPU
		{A163CAAF-5131-4BC7-8908-B1B87A3C0AFB}.Debug|iPhone.Build.0 = Debug|Any CPU
		{A163CAAF-5131-4BC7-8908-B1B87A3C0AFB}.Debug|iPhoneSimulator.ActiveCfg = Debug|Any CPU
		{A163CAAF-5131-4BC7-8908-B1B87A3C0AFB}.Debug|iPhoneSimulator.Build.0 = Debug|Any CPU
		{A163CAAF-5131-4BC7-8908-B1B87A3C0AFB}.Release|Any CPU.ActiveCfg = Release|Any CPU
		{A163CAAF-5131-4BC7-8908-B1B87A3C0AFB}.Release|Any CPU.Build.0 = Release|Any CPU
		{A163CAAF-5131-4BC7-8908-B1B87A3C0AFB}.Release|iPhone.ActiveCfg = Release|Any CPU
		{A163CAAF-5131-4BC7-8908-B1B87A3C0AFB}.Release|iPhone.Build.0 = Release|Any CPU
		{A163CAAF-5131-4BC7-8908-B1B87A3C0AFB}.Release|iPhoneSimulator.ActiveCfg = Release|Any CPU
		{A163CAAF-5131-4BC7-8908-B1B87A3C0AFB}.Release|iPhoneSimulator.Build.0 = Release|Any CPU
		{EDE448C7-1F07-4DBE-AD52-7214D815089C}.Debug|Any CPU.ActiveCfg = Debug|Any CPU
		{EDE448C7-1F07-4DBE-AD52-7214D815089C}.Debug|Any CPU.Build.0 = Debug|Any CPU
		{EDE448C7-1F07-4DBE-AD52-7214D815089C}.Debug|iPhone.ActiveCfg = Debug|Any CPU
		{EDE448C7-1F07-4DBE-AD52-7214D815089C}.Debug|iPhone.Build.0 = Debug|Any CPU
		{EDE448C7-1F07-4DBE-AD52-7214D815089C}.Debug|iPhoneSimulator.ActiveCfg = Debug|Any CPU
		{EDE448C7-1F07-4DBE-AD52-7214D815089C}.Debug|iPhoneSimulator.Build.0 = Debug|Any CPU
		{EDE448C7-1F07-4DBE-AD52-7214D815089C}.Release|Any CPU.ActiveCfg = Release|Any CPU
		{EDE448C7-1F07-4DBE-AD52-7214D815089C}.Release|Any CPU.Build.0 = Release|Any CPU
		{EDE448C7-1F07-4DBE-AD52-7214D815089C}.Release|iPhone.ActiveCfg = Release|Any CPU
		{EDE448C7-1F07-4DBE-AD52-7214D815089C}.Release|iPhone.Build.0 = Release|Any CPU
		{EDE448C7-1F07-4DBE-AD52-7214D815089C}.Release|iPhoneSimulator.ActiveCfg = Release|Any CPU
		{EDE448C7-1F07-4DBE-AD52-7214D815089C}.Release|iPhoneSimulator.Build.0 = Release|Any CPU
		{37734A45-3387-4D90-B963-709919E0E8AB}.Debug|Any CPU.ActiveCfg = Debug|iPhoneSimulator
		{37734A45-3387-4D90-B963-709919E0E8AB}.Debug|Any CPU.Build.0 = Debug|iPhoneSimulator
		{37734A45-3387-4D90-B963-709919E0E8AB}.Debug|iPhone.ActiveCfg = Debug|iPhone
		{37734A45-3387-4D90-B963-709919E0E8AB}.Debug|iPhone.Build.0 = Debug|iPhone
		{37734A45-3387-4D90-B963-709919E0E8AB}.Debug|iPhoneSimulator.ActiveCfg = Debug|iPhoneSimulator
		{37734A45-3387-4D90-B963-709919E0E8AB}.Debug|iPhoneSimulator.Build.0 = Debug|iPhoneSimulator
		{37734A45-3387-4D90-B963-709919E0E8AB}.Release|Any CPU.ActiveCfg = Release|iPhone
		{37734A45-3387-4D90-B963-709919E0E8AB}.Release|Any CPU.Build.0 = Release|iPhone
		{37734A45-3387-4D90-B963-709919E0E8AB}.Release|iPhone.ActiveCfg = Release|iPhone
		{37734A45-3387-4D90-B963-709919E0E8AB}.Release|iPhone.Build.0 = Release|iPhone
		{37734A45-3387-4D90-B963-709919E0E8AB}.Release|iPhoneSimulator.ActiveCfg = Release|iPhoneSimulator
		{37734A45-3387-4D90-B963-709919E0E8AB}.Release|iPhoneSimulator.Build.0 = Release|iPhoneSimulator
		{BA18BEEC-5D37-4FE2-AE99-311E1068D8AD}.Debug|Any CPU.ActiveCfg = Debug|Any CPU
		{BA18BEEC-5D37-4FE2-AE99-311E1068D8AD}.Debug|Any CPU.Build.0 = Debug|Any CPU
		{BA18BEEC-5D37-4FE2-AE99-311E1068D8AD}.Debug|iPhone.ActiveCfg = Debug|Any CPU
		{BA18BEEC-5D37-4FE2-AE99-311E1068D8AD}.Debug|iPhone.Build.0 = Debug|Any CPU
		{BA18BEEC-5D37-4FE2-AE99-311E1068D8AD}.Debug|iPhoneSimulator.ActiveCfg = Debug|Any CPU
		{BA18BEEC-5D37-4FE2-AE99-311E1068D8AD}.Debug|iPhoneSimulator.Build.0 = Debug|Any CPU
		{BA18BEEC-5D37-4FE2-AE99-311E1068D8AD}.Release|Any CPU.ActiveCfg = Release|Any CPU
		{BA18BEEC-5D37-4FE2-AE99-311E1068D8AD}.Release|Any CPU.Build.0 = Release|Any CPU
		{BA18BEEC-5D37-4FE2-AE99-311E1068D8AD}.Release|iPhone.ActiveCfg = Release|Any CPU
		{BA18BEEC-5D37-4FE2-AE99-311E1068D8AD}.Release|iPhone.Build.0 = Release|Any CPU
		{BA18BEEC-5D37-4FE2-AE99-311E1068D8AD}.Release|iPhoneSimulator.ActiveCfg = Release|Any CPU
		{BA18BEEC-5D37-4FE2-AE99-311E1068D8AD}.Release|iPhoneSimulator.Build.0 = Release|Any CPU
		{39B6AF3E-BFCF-42AF-A0CD-7A5EB5A3DB31}.Debug|Any CPU.ActiveCfg = Debug|Any CPU
		{39B6AF3E-BFCF-42AF-A0CD-7A5EB5A3DB31}.Debug|Any CPU.Build.0 = Debug|Any CPU
		{39B6AF3E-BFCF-42AF-A0CD-7A5EB5A3DB31}.Debug|iPhone.ActiveCfg = Debug|Any CPU
		{39B6AF3E-BFCF-42AF-A0CD-7A5EB5A3DB31}.Debug|iPhone.Build.0 = Debug|Any CPU
		{39B6AF3E-BFCF-42AF-A0CD-7A5EB5A3DB31}.Debug|iPhoneSimulator.ActiveCfg = Debug|Any CPU
		{39B6AF3E-BFCF-42AF-A0CD-7A5EB5A3DB31}.Debug|iPhoneSimulator.Build.0 = Debug|Any CPU
		{39B6AF3E-BFCF-42AF-A0CD-7A5EB5A3DB31}.Release|Any CPU.ActiveCfg = Release|Any CPU
		{39B6AF3E-BFCF-42AF-A0CD-7A5EB5A3DB31}.Release|Any CPU.Build.0 = Release|Any CPU
		{39B6AF3E-BFCF-42AF-A0CD-7A5EB5A3DB31}.Release|iPhone.ActiveCfg = Release|Any CPU
		{39B6AF3E-BFCF-42AF-A0CD-7A5EB5A3DB31}.Release|iPhone.Build.0 = Release|Any CPU
		{39B6AF3E-BFCF-42AF-A0CD-7A5EB5A3DB31}.Release|iPhoneSimulator.ActiveCfg = Release|Any CPU
		{39B6AF3E-BFCF-42AF-A0CD-7A5EB5A3DB31}.Release|iPhoneSimulator.Build.0 = Release|Any CPU
		{4D1695E1-5757-4568-A89E-5C3A15B7EEA1}.Debug|Any CPU.ActiveCfg = Debug|Any CPU
		{4D1695E1-5757-4568-A89E-5C3A15B7EEA1}.Debug|Any CPU.Build.0 = Debug|Any CPU
		{4D1695E1-5757-4568-A89E-5C3A15B7EEA1}.Debug|iPhone.ActiveCfg = Debug|Any CPU
		{4D1695E1-5757-4568-A89E-5C3A15B7EEA1}.Debug|iPhone.Build.0 = Debug|Any CPU
		{4D1695E1-5757-4568-A89E-5C3A15B7EEA1}.Debug|iPhoneSimulator.ActiveCfg = Debug|Any CPU
		{4D1695E1-5757-4568-A89E-5C3A15B7EEA1}.Debug|iPhoneSimulator.Build.0 = Debug|Any CPU
		{4D1695E1-5757-4568-A89E-5C3A15B7EEA1}.Release|Any CPU.ActiveCfg = Release|Any CPU
		{4D1695E1-5757-4568-A89E-5C3A15B7EEA1}.Release|Any CPU.Build.0 = Release|Any CPU
		{4D1695E1-5757-4568-A89E-5C3A15B7EEA1}.Release|iPhone.ActiveCfg = Release|Any CPU
		{4D1695E1-5757-4568-A89E-5C3A15B7EEA1}.Release|iPhone.Build.0 = Release|Any CPU
		{4D1695E1-5757-4568-A89E-5C3A15B7EEA1}.Release|iPhoneSimulator.ActiveCfg = Release|Any CPU
		{4D1695E1-5757-4568-A89E-5C3A15B7EEA1}.Release|iPhoneSimulator.Build.0 = Release|Any CPU
	EndGlobalSection
	GlobalSection(SolutionProperties) = preSolution
		HideSolutionNode = FALSE
	EndGlobalSection
	GlobalSection(ExtensibilityGlobals) = postSolution
		SolutionGuid = {997798E7-93CB-489C-89E2-2CE90471651A}
	EndGlobalSection
EndGlobal
